{
  "name": "soundcloud-desktop",
  "version": "0.0.4",
  "lockfileVersion": 2,
  "requires": true,
  "packages": {
    "": {
      "name": "soundcloud-desktop",
      "version": "0.0.4",
      "dependencies": {
        "appdata-path": "^1.0.0",
        "qurre-socket": "^1.0.5"
      }
    },
    "node_modules/appdata-path": {
      "version": "1.0.0",
      "resolved": "https://registry.npmjs.org/appdata-path/-/appdata-path-1.0.0.tgz",
      "integrity": "sha512-ZbH3ezXfnT/YE3NdqduIt4lBV+H0ybvA2Qx3K76gIjQvh8gROpDFdDLpx6B1QJtW7zxisCbpTlCLhKqoR8cDBw=="
    },
    "node_modules/qurre-socket": {
      "version": "1.0.5",
      "resolved": "https://registry.npmjs.org/qurre-socket/-/qurre-socket-1.0.5.tgz",
      "integrity": "sha512-hpL4UNHIBXNALOFn1/ytsgFC4Cp6hh7kk+hOZDEdLFlvn2UyKjOLfCcmZsjPUq6Z8ZjOx+LB9VoSKjrFR+EsQQ=="
    }
  },
  "dependencies": {
    "appdata-path": {
      "version": "1.0.0",
      "resolved": "https://registry.npmjs.org/appdata-path/-/appdata-path-1.0.0.tgz",
      "integrity": "sha512-ZbH3ezXfnT/YE3NdqduIt4lBV+H0ybvA2Qx3K76gIjQvh8gROpDFdDLpx6B1QJtW7zxisCbpTlCLhKqoR8cDBw=="
    },
    "qurre-socket": {
      "version": "1.0.5",
      "resolved": "https://registry.npmjs.org/qurre-socket/-/qurre-socket-1.0.5.tgz",
      "integrity": "sha512-hpL4UNHIBXNALOFn1/ytsgFC4Cp6hh7kk+hOZDEdLFlvn2UyKjOLfCcmZsjPUq6Z8ZjOx+LB9VoSKjrFR+EsQQ=="
    }
  }
}
